
Microsoft Visual Studio Solution File, Format Version 12.00
# Visual Studio Version 17
VisualStudioVersion = 17.1.32407.343
MinimumVisualStudioVersion = 10.0.40219.1
Project("{FAE04EC0-301F-11D3-BF4B-00C04F79EFBC}") = "SwaggerHallOfFame", "SwaggerHallOfFame\SwaggerHallOfFame.csproj", "{CECA56E9-A1C2-4361-BAD1-535386328C2C}"
EndProject
Global
	GlobalSection(SolutionConfigurationPlatforms) = preSolution
		Debug|Any CPU = Debug|Any CPU
		Release|Any CPU = Release|Any CPU
	EndGlobalSection
	GlobalSection(ProjectConfigurationPlatforms) = postSolution
		{CECA56E9-A1C2-4361-BAD1-535386328C2C}.Debug|Any CPU.ActiveCfg = Debug|Any CPU
		{CECA56E9-A1C2-4361-BAD1-535386328C2C}.Debug|Any CPU.Build.0 = Debug|Any CPU
		{CECA56E9-A1C2-4361-BAD1-535386328C2C}.Release|Any CPU.ActiveCfg = Release|Any CPU
		{CECA56E9-A1C2-4361-BAD1-535386328C2C}.Release|Any CPU.Build.0 = Release|Any CPU
	EndGlobalSection
	GlobalSection(SolutionProperties) = preSolution
		HideSolutionNode = FALSE
	EndGlobalSection
	GlobalSection(ExtensibilityGlobals) = postSolution
		SolutionGuid = {A877946D-3385-43B5-A0DC-D04FAA835173}
	EndGlobalSection
EndGlobal
